
Microsoft Visual Studio Solution File, Format Version 12.00
# Visual Studio Version 17
VisualStudioVersion = 17.5.33414.496
MinimumVisualStudioVersion = 10.0.40219.1
Project("{9A19103F-16F7-4668-BE54-9A1E7A4F7556}") = "Group3_Part1", "Group3_Part1\Group3_Part1.csproj", "{9F8274E2-0B2B-49D0-BD2B-0F0C7C5A8DA6}"
EndProject
Project("{9A19103F-16F7-4668-BE54-9A1E7A4F7556}") = "OOP", "OOP\OOP.csproj", "{9384A559-4470-444E-A24F-446AE9A234AB}"
EndProject
Project("{FAE04EC0-301F-11D3-BF4B-00C04F79EFBC}") = "Collections", "Collections\Collections.csproj", "{9F751165-829D-40EB-902B-18D5D3E2DB19}"
EndProject
Global
	GlobalSection(SolutionConfigurationPlatforms) = preSolution
		Debug|Any CPU = Debug|Any CPU
		Release|Any CPU = Release|Any CPU
	EndGlobalSection
	GlobalSection(ProjectConfigurationPlatforms) = postSolution
		{9F8274E2-0B2B-49D0-BD2B-0F0C7C5A8DA6}.Debug|Any CPU.ActiveCfg = Debug|Any CPU
		{9F8274E2-0B2B-49D0-BD2B-0F0C7C5A8DA6}.Debug|Any CPU.Build.0 = Debug|Any CPU
		{9F8274E2-0B2B-49D0-BD2B-0F0C7C5A8DA6}.Release|Any CPU.ActiveCfg = Release|Any CPU
		{9F8274E2-0B2B-49D0-BD2B-0F0C7C5A8DA6}.Release|Any CPU.Build.0 = Release|Any CPU
		{9384A559-4470-444E-A24F-446AE9A234AB}.Debug|Any CPU.ActiveCfg = Debug|Any CPU
		{9384A559-4470-444E-A24F-446AE9A234AB}.Debug|Any CPU.Build.0 = Debug|Any CPU
		{9384A559-4470-444E-A24F-446AE9A234AB}.Release|Any CPU.ActiveCfg = Release|Any CPU
		{9384A559-4470-444E-A24F-446AE9A234AB}.Release|Any CPU.Build.0 = Release|Any CPU
		{9F751165-829D-40EB-902B-18D5D3E2DB19}.Debug|Any CPU.ActiveCfg = Debug|Any CPU
		{9F751165-829D-40EB-902B-18D5D3E2DB19}.Debug|Any CPU.Build.0 = Debug|Any CPU
		{9F751165-829D-40EB-902B-18D5D3E2DB19}.Release|Any CPU.ActiveCfg = Release|Any CPU
		{9F751165-829D-40EB-902B-18D5D3E2DB19}.Release|Any CPU.Build.0 = Release|Any CPU
	EndGlobalSection
	GlobalSection(SolutionProperties) = preSolution
		HideSolutionNode = FALSE
	EndGlobalSection
	GlobalSection(ExtensibilityGlobals) = postSolution
		SolutionGuid = {90C14CB5-7CA6-49BB-A32C-338370C4FD03}
	EndGlobalSection
EndGlobal
